
Microsoft Visual Studio Solution File, Format Version 12.00
# Visual Studio Version 16
VisualStudioVersion = 16.0.30621.155
MinimumVisualStudioVersion = 10.0.40219.1
Project("{FAE04EC0-301F-11D3-BF4B-00C04F79EFBC}") = "MatchGame", "MatchGame\MatchGame.csproj", "{E1B5BC5D-1717-4F7F-9C48-1194C68EEFA0}"
EndProject
Global
	GlobalSection(SolutionConfigurationPlatforms) = preSolution
		Debug|Any CPU = Debug|Any CPU
		Release|Any CPU = Release|Any CPU
	EndGlobalSection
	GlobalSection(ProjectConfigurationPlatforms) = postSolution
		{E1B5BC5D-1717-4F7F-9C48-1194C68EEFA0}.Debug|Any CPU.ActiveCfg = Debug|Any CPU
		{E1B5BC5D-1717-4F7F-9C48-1194C68EEFA0}.Debug|Any CPU.Build.0 = Debug|Any CPU
		{E1B5BC5D-1717-4F7F-9C48-1194C68EEFA0}.Release|Any CPU.ActiveCfg = Release|Any CPU
		{E1B5BC5D-1717-4F7F-9C48-1194C68EEFA0}.Release|Any CPU.Build.0 = Release|Any CPU
	EndGlobalSection
	GlobalSection(SolutionProperties) = preSolution
		HideSolutionNode = FALSE
	EndGlobalSection
	GlobalSection(ExtensibilityGlobals) = postSolution
		SolutionGuid = {6158E3A4-AC14-49D4-8432-2C757F204152}
	EndGlobalSection
EndGlobal
